
Microsoft Visual Studio Solution File, Format Version 12.00
# Visual Studio Version 16
VisualStudioVersion = 16.0.29326.143
MinimumVisualStudioVersion = 10.0.40219.1
Project("{FAE04EC0-301F-11D3-BF4B-00C04F79EFBC}") = "FaceDistinguishSDK", "FaceDistinguishSDK\FaceDistinguishSDK.csproj", "{09B024BD-C7AD-4DD5-8D8C-EF719E85AB5C}"
EndProject
Project("{FAE04EC0-301F-11D3-BF4B-00C04F79EFBC}") = "ConsoleApp1", "ConsoleApp1\ConsoleApp1.csproj", "{01DF8919-1087-4ABC-BB44-D7C362E6561A}"
EndProject
Project("{FAE04EC0-301F-11D3-BF4B-00C04F79EFBC}") = "FaceDistinguishService", "FaceDistinguishService\FaceDistinguishService.csproj", "{56C72DAB-D7B0-484F-828F-A718E5604A56}"
EndProject
Global
	GlobalSection(SolutionConfigurationPlatforms) = preSolution
		Debug|Any CPU = Debug|Any CPU
		Debug|x64 = Debug|x64
		Release|Any CPU = Release|Any CPU
		Release|x64 = Release|x64
	EndGlobalSection
	GlobalSection(ProjectConfigurationPlatforms) = postSolution
		{09B024BD-C7AD-4DD5-8D8C-EF719E85AB5C}.Debug|Any CPU.ActiveCfg = Debug|Any CPU
		{09B024BD-C7AD-4DD5-8D8C-EF719E85AB5C}.Debug|Any CPU.Build.0 = Debug|Any CPU
		{09B024BD-C7AD-4DD5-8D8C-EF719E85AB5C}.Debug|x64.ActiveCfg = Debug|x64
		{09B024BD-C7AD-4DD5-8D8C-EF719E85AB5C}.Debug|x64.Build.0 = Debug|x64
		{09B024BD-C7AD-4DD5-8D8C-EF719E85AB5C}.Release|Any CPU.ActiveCfg = Release|Any CPU
		{09B024BD-C7AD-4DD5-8D8C-EF719E85AB5C}.Release|Any CPU.Build.0 = Release|Any CPU
		{09B024BD-C7AD-4DD5-8D8C-EF719E85AB5C}.Release|x64.ActiveCfg = Release|x64
		{09B024BD-C7AD-4DD5-8D8C-EF719E85AB5C}.Release|x64.Build.0 = Release|x64
		{01DF8919-1087-4ABC-BB44-D7C362E6561A}.Debug|Any CPU.ActiveCfg = Debug|Any CPU
		{01DF8919-1087-4ABC-BB44-D7C362E6561A}.Debug|Any CPU.Build.0 = Debug|Any CPU
		{01DF8919-1087-4ABC-BB44-D7C362E6561A}.Debug|x64.ActiveCfg = Debug|x64
		{01DF8919-1087-4ABC-BB44-D7C362E6561A}.Debug|x64.Build.0 = Debug|x64
		{01DF8919-1087-4ABC-BB44-D7C362E6561A}.Release|Any CPU.ActiveCfg = Release|Any CPU
		{01DF8919-1087-4ABC-BB44-D7C362E6561A}.Release|Any CPU.Build.0 = Release|Any CPU
		{01DF8919-1087-4ABC-BB44-D7C362E6561A}.Release|x64.ActiveCfg = Release|x64
		{01DF8919-1087-4ABC-BB44-D7C362E6561A}.Release|x64.Build.0 = Release|x64
		{56C72DAB-D7B0-484F-828F-A718E5604A56}.Debug|Any CPU.ActiveCfg = Debug|Any CPU
		{56C72DAB-D7B0-484F-828F-A718E5604A56}.Debug|Any CPU.Build.0 = Debug|Any CPU
		{56C72DAB-D7B0-484F-828F-A718E5604A56}.Debug|x64.ActiveCfg = Debug|x64
		{56C72DAB-D7B0-484F-828F-A718E5604A56}.Debug|x64.Build.0 = Debug|x64
		{56C72DAB-D7B0-484F-828F-A718E5604A56}.Release|Any CPU.ActiveCfg = Release|Any CPU
		{56C72DAB-D7B0-484F-828F-A718E5604A56}.Release|Any CPU.Build.0 = Release|Any CPU
		{56C72DAB-D7B0-484F-828F-A718E5604A56}.Release|x64.ActiveCfg = Release|x64
		{56C72DAB-D7B0-484F-828F-A718E5604A56}.Release|x64.Build.0 = Release|x64
	EndGlobalSection
	GlobalSection(SolutionProperties) = preSolution
		HideSolutionNode = FALSE
	EndGlobalSection
	GlobalSection(ExtensibilityGlobals) = postSolution
		SolutionGuid = {BEC04EB8-F53B-4632-A856-86E90F600040}
	EndGlobalSection
EndGlobal
